{
  "name": "weather-dashboard",
  "version": "1.0.0",
  "lockfileVersion": 1,
  "requires": true,
  "dependencies": {
    "react": {
      "version": "17.0.2",
      "resolved": "https://registry.npmjs.org/react/-/react-17.0.2.tgz",
      "integrity": "sha512-MmYy/Vp1qF0XDW4XzD8+T0+F1aU9e9NkN5uyxXrFdrU/2hX9tBqL0lbD7bdK3G+FHXrYQxG3mYh0vB5aaY0Og=="
    },
    "react-dom": {
      "version": "17.0.2",
      "resolved": "https://registry.npmjs.org/react-dom/-/react-dom-17.0.2.tgz",
      "integrity": "sha512-s4kQ6tqX5xA2g5cV7zZ+FYovz4k5bd0zYfXbO7B5AAU9e9NkN5uyxXrFdrU/2hX9tBqL0lbD7bdK3G+FHXrYQxG3mYh0vB5aaY0Og=="
    },
    "react-scripts": {
      "version": "4.0.3",
      "resolved": "https://registry.npmjs.org/react-scripts/-/react-scripts-4.0.3.tgz",
      "integrity": "sha512-+AdB7iF9E/2eI0VZ4p5fQH3kD7bdK3G+FHXrYQxG3mYh0vB5aaY0Og=="
    },
    "chart.js": {
      "version": "3.5.1",
      "resolved": "https://registry.npmjs.org/chart.js/-/chart.js-3.5.1.tgz",
      "integrity": "sha512-wsD7bdK3G+FHXrYQxG3mYh0vB5aaY0Og=="
    },
    "chartjs-adapter-date-fns": {
      "version": "1.0.0",
      "resolved": "https://registry.npmjs.org/chartjs-adapter-date-fns/-/chartjs-adapter-date-fns-1.0.0.tgz",
      "integrity": "sha512-9dK3G+FHXrYQxG3mYh0vB5aaY0Og=="
    }
  }
}